{
  "version": 4,
  "terraform_version": "1.15.8",
  "serial": 5,
  "lineage": "cbc49bb9-4bea-6990-eae1-59992b90b0b8",
  "outputs": {
    "container_app_environment_name": {
      "value": "hello-ai-env",
      "type": "string"
    },
    "container_registry_name": {
      "value": "helloaiacr",
      "type": "string"
    },
    "resource_group_name": {
      "value": "first_rg",
      "type": "string"
    }
  },
  "resources": [
    {
      "mode": "managed",
      "type": "azurerm_container_app",
      "name": "hello_ai_dev",
      "provider": "provider[\"registry.terraform.io/hashicorp/azurerm\"]",
      "instances": [
        {
          "schema_version": 0,
          "attributes": {
            "container_app_environment_id": "/subscriptions/c0167ac3-7c0b-41f6-97d9-daaf92d58adb/resourceGroups/first_rg/providers/Microsoft.App/managedEnvironments/hello-ai-env",
            "custom_domain_verification_id": "0CA27DC54A2466BF083D4AC2CD2C564DDF1FBCC1C3F3C518AE1BB6485C1DE868",
            "dapr": [],
            "id": "/subscriptions/c0167ac3-7c0b-41f6-97d9-daaf92d58adb/resourceGroups/first_rg/providers/Microsoft.App/containerApps/hello-ai",
            "identity": [
              {
                "identity_ids": [],
                "principal_id": "8d744926-ff55-48e1-b977-4faef3b1bbe4",
                "tenant_id": "8e602a4b-6a93-4aad-b52b-3823716351ef",
                "type": "SystemAssigned"
              }
            ],
            "ingress": [
              {
                "allow_insecure_connections": false,
                "client_certificate_mode": "",
                "cors": [],
                "custom_domain": [],
                "exposed_port": 0,
                "external_enabled": true,
                "fqdn": "hello-ai.icyforest-ecd4da39.swedencentral.azurecontainerapps.io",
                "ip_security_restriction": [],
                "target_port": 8000,
                "traffic_weight": [
                  {
                    "label": "",
                    "latest_revision": true,
                    "percentage": 100,
                    "revision_suffix": ""
                  }
                ],
                "transport": "auto"
              }
            ],
            "latest_revision_fqdn": "hello-ai--0000001.icyforest-ecd4da39.swedencentral.azurecontainerapps.io",
            "latest_revision_name": "hello-ai--0000001",
            "location": "swedencentral",
            "max_inactive_revisions": 0,
            "name": "hello-ai",
            "outbound_ip_addresses": [
              "20.240.28.167",
              "20.240.28.184",
              "20.240.28.187",
              "20.240.29.51",
              "74.241.193.90",
              "74.241.192.157",
              "74.241.192.45",
              "74.241.193.154",
              "74.241.192.111",
              "74.241.193.34",
              "9.223.20.105",
              "135.116.6.186",
              "9.223.21.30",
              "9.223.218.210",
              "135.116.14.134",
              "9.223.143.243",
              "9.223.9.149",
              "74.241.137.85",
              "74.241.139.161",
              "74.241.138.64",
              "74.241.136.237",
              "9.223.21.119",
              "9.223.10.153",
              "9.223.225.145",
              "9.223.220.233",
              "74.241.136.44",
              "9.223.87.134",
              "74.241.139.29",
              "9.223.20.250",
              "9.223.20.145",
              "4.165.209.240",
              "135.116.226.238",
              "4.166.9.251",
              "4.165.176.240",
              "20.240.79.13",
              "135.116.227.160",
              "9.223.50.170",
              "4.166.25.29",
              "4.165.76.107",
              "4.165.203.7",
              "9.223.233.171",
              "20.240.79.105",
              "4.166.25.27",
              "4.165.180.97",
              "4.165.212.33",
              "4.165.50.168",
              "4.165.76.100",
              "135.116.32.9",
              "135.116.224.222",
              "4.165.204.10",
              "135.116.225.242",
              "4.165.52.62",
              "4.165.212.49",
              "4.223.240.101",
              "4.166.8.216",
              "4.165.203.152",
              "4.223.241.8",
              "4.165.203.27",
              "4.166.9.244",
              "4.165.212.15",
              "135.116.226.162",
              "4.165.179.11",
              "4.165.210.180",
              "9.223.255.200",
              "4.225.212.26",
              "4.225.244.218",
              "9.223.253.65",
              "4.166.25.22",
              "9.223.252.224",
              "4.165.119.118",
              "9.223.247.5",
              "135.116.34.25",
              "9.223.53.31",
              "4.165.119.145",
              "4.225.246.106",
              "4.165.209.248",
              "4.225.133.229",
              "4.165.119.191",
              "4.165.117.222",
              "4.165.118.233",
              "20.240.38.142",
              "20.240.38.235",
              "20.240.37.255",
              "20.240.37.231",
              "74.241.204.139",
              "74.241.204.246",
              "74.241.202.17",
              "74.241.200.59",
              "74.241.205.78",
              "74.241.203.192",
              "9.223.237.26",
              "9.223.246.165",
              "74.241.209.91",
              "74.241.211.241",
              "9.223.245.238",
              "135.116.14.86",
              "9.223.173.128",
              "9.223.237.22",
              "4.225.86.27",
              "9.223.75.69",
              "9.223.245.208",
              "9.223.237.31",
              "9.223.45.114",
              "9.223.24.231",
              "74.241.210.170",
              "9.223.246.185",
              "9.223.16.144",
              "135.116.37.178",
              "9.223.247.36",
              "9.223.18.163",
              "135.116.250.110",
              "4.165.173.7",
              "74.241.157.194",
              "4.165.26.163",
              "74.241.159.212",
              "74.241.159.77",
              "135.116.178.176",
              "4.166.117.48",
              "4.165.176.183",
              "20.240.12.17",
              "4.165.172.120",
              "20.240.2.251",
              "135.116.254.221",
              "9.223.172.88",
              "4.225.116.74",
              "20.91.175.40",
              "4.166.117.45",
              "20.91.175.8",
              "9.223.253.183",
              "4.225.88.53",
              "4.165.25.144",
              "135.116.182.186",
              "20.240.12.16",
              "4.165.81.3",
              "20.240.3.209",
              "20.91.174.21",
              "4.165.170.230",
              "135.116.251.75",
              "20.240.6.65",
              "9.223.253.233",
              "20.240.9.76",
              "20.240.3.208",
              "4.165.86.101",
              "4.165.176.35",
              "20.240.12.18",
              "4.165.27.189",
              "4.165.28.127",
              "4.225.140.87",
              "74.241.193.222",
              "135.225.8.157",
              "4.165.27.88",
              "4.165.27.58",
              "4.165.26.200",
              "20.240.12.19",
              "4.165.171.165",
              "4.225.140.68",
              "9.223.171.36",
              "74.241.157.195",
              "135.116.237.150",
              "4.225.140.86",
              "4.165.167.35"
            ],
            "registry": [
              {
                "identity": "system",
                "password_secret_name": "",
                "server": "helloaiacr.azurecr.io",
                "username": ""
              }
            ],
            "resource_group_name": "first_rg",
            "revision_mode": "Single",
            "secret": [],
            "tags": {},
            "template": [
              {
                "azure_queue_scale_rule": [],
                "container": [
                  {
                    "args": [],
                    "command": [],
                    "cpu": 0.5,
                    "env": [],
                    "ephemeral_storage": "2Gi",
                    "image": "helloaiacr.azurecr.io/hello-ai:e6bd43c73af7762cd2ebebdff2f10bdb11c33cd9",
                    "liveness_probe": [],
                    "memory": "1Gi",
                    "name": "hello-ai",
                    "readiness_probe": [],
                    "startup_probe": [],
                    "volume_mounts": []
                  }
                ],
                "cooldown_period_in_seconds": 300,
                "custom_scale_rule": [],
                "http_scale_rule": [],
                "init_container": [],
                "max_replicas": 10,
                "min_replicas": 0,
                "polling_interval_in_seconds": 30,
                "revision_suffix": "",
                "tcp_scale_rule": [],
                "termination_grace_period_seconds": 0,
                "volume": []
              }
            ],
            "timeouts": null,
            "workload_profile_name": "Consumption"
          },
          "sensitive_attributes": [
            [
              {
                "type": "get_attr",
                "value": "custom_domain_verification_id"
              }
            ]
          ],
          "identity_schema_version": 0,
          "private": "eyJlMmJmYjczMC1lY2FhLTExZTYtOGY4OC0zNDM2M2JjN2M0YzAiOnsiY3JlYXRlIjoxODAwMDAwMDAwMDAwLCJkZWxldGUiOjE4MDAwMDAwMDAwMDAsInJlYWQiOjMwMDAwMDAwMDAwMCwidXBkYXRlIjoxODAwMDAwMDAwMDAwfSwic2NoZW1hX3ZlcnNpb24iOiIwIn0="
        }
      ]
    },
    {
      "mode": "managed",
      "type": "azurerm_container_app_environment",
      "name": "env",
      "provider": "provider[\"registry.terraform.io/hashicorp/azurerm\"]",
      "instances": [
        {
          "schema_version": 0,
          "attributes": {
            "custom_domain_verification_id": "0CA27DC54A2466BF083D4AC2CD2C564DDF1FBCC1C3F3C518AE1BB6485C1DE868",
            "dapr_application_insights_connection_string": "",
            "default_domain": "icyforest-ecd4da39.swedencentral.azurecontainerapps.io",
            "docker_bridge_cidr": "",
            "id": "/subscriptions/c0167ac3-7c0b-41f6-97d9-daaf92d58adb/resourceGroups/first_rg/providers/Microsoft.App/managedEnvironments/hello-ai-env",
            "identity": [],
            "infrastructure_resource_group_name": "",
            "infrastructure_subnet_id": "",
            "internal_load_balancer_enabled": false,
            "location": "swedencentral",
            "log_analytics_workspace_id": "/subscriptions/c0167ac3-7c0b-41f6-97d9-daaf92d58adb/resourceGroups/first_rg/providers/Microsoft.OperationalInsights/workspaces/hello-ai-logs",
            "logs_destination": "log-analytics",
            "mutual_tls_enabled": false,
            "name": "hello-ai-env",
            "platform_reserved_cidr": "",
            "platform_reserved_dns_ip_address": "",
            "public_network_access": "Enabled",
            "resource_group_name": "first_rg",
            "static_ip_address": "4.166.137.191",
            "tags": {},
            "timeouts": null,
            "workload_profile": [
              {
                "maximum_count": 0,
                "minimum_count": 0,
                "name": "Consumption",
                "workload_profile_type": "Consumption"
              }
            ],
            "zone_redundancy_enabled": false
          },
          "sensitive_attributes": [
            [
              {
                "type": "get_attr",
                "value": "dapr_application_insights_connection_string"
              }
            ]
          ],
          "identity_schema_version": 0,
          "private": "eyJlMmJmYjczMC1lY2FhLTExZTYtOGY4OC0zNDM2M2JjN2M0YzAiOnsiY3JlYXRlIjoxODAwMDAwMDAwMDAwLCJkZWxldGUiOjE4MDAwMDAwMDAwMDAsInJlYWQiOjMwMDAwMDAwMDAwMCwidXBkYXRlIjoxODAwMDAwMDAwMDAwfSwic2NoZW1hX3ZlcnNpb24iOiIwIn0="
        }
      ]
    },
    {
      "mode": "managed",
      "type": "azurerm_container_registry",
      "name": "acr",
      "provider": "provider[\"registry.terraform.io/hashicorp/azurerm\"]",
      "instances": [
        {
          "schema_version": 2,
          "attributes": {
            "admin_enabled": false,
            "admin_password": "",
            "admin_username": "",
            "anonymous_pull_enabled": false,
            "azuread_authentication_as_arm_policy_enabled": true,
            "data_endpoint_enabled": false,
            "data_endpoint_host_names": [],
            "encryption": [],
            "export_policy_enabled": true,
            "georeplications": [],
            "id": "/subscriptions/c0167ac3-7c0b-41f6-97d9-daaf92d58adb/resourceGroups/first_rg/providers/Microsoft.ContainerRegistry/registries/helloaiacr",
            "identity": [],
            "location": "swedencentral",
            "login_server": "helloaiacr.azurecr.io",
            "name": "helloaiacr",
            "network_rule_bypass_for_tasks_enabled": false,
            "network_rule_bypass_option": "AzureServices",
            "network_rule_set": [],
            "public_network_access_enabled": true,
            "quarantine_policy_enabled": false,
            "resource_group_name": "first_rg",
            "retention_policy_in_days": 0,
            "role_assignment_mode": "LegacyRegistryPermissions",
            "sku": "Basic",
            "tags": {},
            "timeouts": null,
            "trust_policy_enabled": false,
            "zone_redundancy_enabled": false
          },
          "sensitive_attributes": [
            [
              {
                "type": "get_attr",
                "value": "admin_password"
              }
            ]
          ],
          "identity_schema_version": 0,
          "private": "eyJlMmJmYjczMC1lY2FhLTExZTYtOGY4OC0zNDM2M2JjN2M0YzAiOnsiY3JlYXRlIjoxODAwMDAwMDAwMDAwLCJkZWxldGUiOjE4MDAwMDAwMDAwMDAsInJlYWQiOjMwMDAwMDAwMDAwMCwidXBkYXRlIjoxODAwMDAwMDAwMDAwfSwic2NoZW1hX3ZlcnNpb24iOiIyIn0="
        }
      ]
    },
    {
      "mode": "managed",
      "type": "azurerm_log_analytics_workspace",
      "name": "logs",
      "provider": "provider[\"registry.terraform.io/hashicorp/azurerm\"]",
      "instances": [
        {
          "schema_version": 3,
          "attributes": {
            "allow_resource_only_permissions": true,
            "cmk_for_query_forced": false,
            "daily_quota_gb": -1,
            "data_collection_rule_id": "",
            "id": "/subscriptions/c0167ac3-7c0b-41f6-97d9-daaf92d58adb/resourceGroups/first_rg/providers/Microsoft.OperationalInsights/workspaces/hello-ai-logs",
            "identity": [],
            "immediate_data_purge_on_30_days_enabled": false,
            "internet_ingestion_enabled": true,
            "internet_query_enabled": true,
            "local_authentication_disabled": null,
            "local_authentication_enabled": null,
            "location": "swedencentral",
            "name": "hello-ai-logs",
            "primary_shared_key": "89L9N9cCaN9ucyNvHqDZlsatHcqw2nCndK6mS+ZMStaF42Kk0aU9zeTCrlMZbVNSUByf1c94c1+5yJxRwEq9QQ==",
            "reservation_capacity_in_gb_per_day": null,
            "resource_group_name": "first_rg",
            "retention_in_days": 30,
            "secondary_shared_key": "8ByUxXt2q1wuY1vWkDu1uvzGaBwc204djgJVshqQYxTP1VLrHUBwDyxzkMtMaaTRCdoZna4gAzTZDpc2l+7qeg==",
            "sku": "PerGB2018",
            "tags": {},
            "timeouts": null,
            "workspace_id": "623d6cc5-34f6-4206-8903-eb38e2443243"
          },
          "sensitive_attributes": [
            [
              {
                "type": "get_attr",
                "value": "primary_shared_key"
              }
            ],
            [
              {
                "type": "get_attr",
                "value": "secondary_shared_key"
              }
            ]
          ],
          "identity_schema_version": 0,
          "private": "eyJlMmJmYjczMC1lY2FhLTExZTYtOGY4OC0zNDM2M2JjN2M0YzAiOnsiY3JlYXRlIjoxODAwMDAwMDAwMDAwLCJkZWxldGUiOjE4MDAwMDAwMDAwMDAsInJlYWQiOjMwMDAwMDAwMDAwMCwidXBkYXRlIjoxODAwMDAwMDAwMDAwfSwic2NoZW1hX3ZlcnNpb24iOiIzIn0="
        }
      ]
    },
    {
      "mode": "managed",
      "type": "azurerm_resource_group",
      "name": "rg",
      "provider": "provider[\"registry.terraform.io/hashicorp/azurerm\"]",
      "instances": [
        {
          "schema_version": 0,
          "attributes": {
            "id": "/subscriptions/c0167ac3-7c0b-41f6-97d9-daaf92d58adb/resourceGroups/first_rg",
            "location": "swedencentral",
            "managed_by": "",
            "name": "first_rg",
            "tags": {},
            "timeouts": null
          },
          "sensitive_attributes": [],
          "identity_schema_version": 0,
          "identity": {
            "name": "first_rg",
            "subscription_id": "c0167ac3-7c0b-41f6-97d9-daaf92d58adb"
          },
          "private": "eyJlMmJmYjczMC1lY2FhLTExZTYtOGY4OC0zNDM2M2JjN2M0YzAiOnsiY3JlYXRlIjo1NDAwMDAwMDAwMDAwLCJkZWxldGUiOjU0MDAwMDAwMDAwMDAsInJlYWQiOjMwMDAwMDAwMDAwMCwidXBkYXRlIjo1NDAwMDAwMDAwMDAwfSwic2NoZW1hX3ZlcnNpb24iOiIwIn0="
        }
      ]
    }
  ],
  "check_results": null
}
